
Microsoft Visual Studio Solution File, Format Version 12.00
# Visual Studio Version 16
VisualStudioVersion = 16.0.30611.23
MinimumVisualStudioVersion = 10.0.40219.1
Project("{FAE04EC0-301F-11D3-BF4B-00C04F79EFBC}") = "PSL.Warehouse.CentralService", "PSL.Warehouse.CentralService\PSL.Warehouse.CentralService.csproj", "{35B12902-7F9A-483F-8C1F-0CAC75228264}"
EndProject
Global
	GlobalSection(SolutionConfigurationPlatforms) = preSolution
		Debug|Any CPU = Debug|Any CPU
		Release|Any CPU = Release|Any CPU
	EndGlobalSection
	GlobalSection(ProjectConfigurationPlatforms) = postSolution
		{35B12902-7F9A-483F-8C1F-0CAC75228264}.Debug|Any CPU.ActiveCfg = Debug|Any CPU
		{35B12902-7F9A-483F-8C1F-0CAC75228264}.Debug|Any CPU.Build.0 = Debug|Any CPU
		{35B12902-7F9A-483F-8C1F-0CAC75228264}.Release|Any CPU.ActiveCfg = Release|Any CPU
		{35B12902-7F9A-483F-8C1F-0CAC75228264}.Release|Any CPU.Build.0 = Release|Any CPU
	EndGlobalSection
	GlobalSection(SolutionProperties) = preSolution
		HideSolutionNode = FALSE
	EndGlobalSection
	GlobalSection(ExtensibilityGlobals) = postSolution
		SolutionGuid = {112FFE11-82C1-42F8-9BCD-FD73D2D559ED}
	EndGlobalSection
EndGlobal
